PODS:
  - Alamofire (5.4.3)
  - Kingfisher (6.3.1)
  - Swinject (2.8.0)

DEPENDENCIES:
  - Alamofire
  - Kingfisher
  - Swinject

SPEC REPOS:
  trunk:
    - Alamofire
    - Kingfisher
    - Swinject

SPEC CHECKSUMS:
  Alamofire: e447a2774a40c996748296fa2c55112fdbbc42f9
  Kingfisher: 016c8b653a35add51dd34a3aba36b580041acc74
  Swinject: db795b8d6d78559b25fbebb0170d2635be1176e2

PODFILE CHECKSUM: d713206f16d79a6a798629a663ba7d0342db1eae

COCOAPODS: 1.10.1
