// !$*UTF8*$!
{
	archiveVersion = 1;
	classes = {
	};
	objectVersion = 50;
	objects = {

/* Begin PBXBuildFile section */
		4399B29C26FF2A70004232D8 /* AppDelegate.swift in Sources */ = {isa = PBXBuildFile; fileRef = 4399B29B26FF2A70004232D8 /* AppDelegate.swift */; };
		4399B29E26FF2A70004232D8 /* SceneDelegate.swift in Sources */ = {isa = PBXBuildFile; fileRef = 4399B29D26FF2A70004232D8 /* SceneDelegate.swift */; };
		4399B2A026FF2A70004232D8 /* ViewController.swift in Sources */ = {isa = PBXBuildFile; fileRef = 4399B29F26FF2A70004232D8 /* ViewController.swift */; };
		4399B2A326FF2A70004232D8 /* Main.storyboard in Resources */ = {isa = PBXBuildFile; fileRef = 4399B2A126FF2A70004232D8 /* Main.storyboard */; };
		4399B2A526FF2A70004232D8 /* Assets.xcassets in Resources */ = {isa = PBXBuildFile; fileRef = 4399B2A426FF2A70004232D8 /* Assets.xcassets */; };
		4399B2A826FF2A70004232D8 /* LaunchScreen.storyboard in Resources */ = {isa = PBXBuildFile; fileRef = 4399B2A626FF2A70004232D8 /* LaunchScreen.storyboard */; };
		4399B2B326FF2A70004232D8 /* MovieLandTests.swift in Sources */ = {isa = PBXBuildFile; fileRef = 4399B2B226FF2A70004232D8 /* MovieLandTests.swift */; };
		4399B2BE26FF2A70004232D8 /* MovieLandUITests.swift in Sources */ = {isa = PBXBuildFile; fileRef = 4399B2BD26FF2A70004232D8 /* MovieLandUITests.swift */; };
		77B9C81B06681802118552CE /* Pods_MovieLand_MovieLandUITests.framework in Frameworks */ = {isa = PBXBuildFile; fileRef = AF237617A294E8316D7CF4DD /* Pods_MovieLand_MovieLandUITests.framework */; };
		AC5AE112BA7BF38E0A625639 /* Pods_MovieLandTests.framework in Frameworks */ = {isa = PBXBuildFile; fileRef = 733F09A975A7339CE19238FE /* Pods_MovieLandTests.framework */; };
		EB40C90E44E2DACF9D087B94 /* Pods_MovieLand.framework in Frameworks */ = {isa = PBXBuildFile; fileRef = 846F3B043D7D16CA84F382F7 /* Pods_MovieLand.framework */; };
/* End PBXBuildFile section */

/* Begin PBXContainerItemProxy section */
		4399B2AF26FF2A70004232D8 /* PBXContainerItemProxy */ = {
			isa = PBXContainerItemProxy;
			containerPortal = 4399B29026FF2A6F004232D8 /* Project object */;
			proxyType = 1;
			remoteGlobalIDString = 4399B29726FF2A6F004232D8;
			remoteInfo = MovieLand;
		};
		4399B2BA26FF2A70004232D8 /* PBXContainerItemProxy */ = {
			isa = PBXContainerItemProxy;
			containerPortal = 4399B29026FF2A6F004232D8 /* Project object */;
			proxyType = 1;
			remoteGlobalIDString = 4399B29726FF2A6F004232D8;
			remoteInfo = MovieLand;
		};
/* End PBXContainerItemProxy section */

/* Begin PBXFileReference section */
		043ECC345F3013541A423DBA /* Pods-MovieLandTests.release.xcconfig */ = {isa = PBXFileReference; includeInIndex = 1; lastKnownFileType = text.xcconfig; name = "Pods-MovieLandTests.release.xcconfig"; path = "Target Support Files/Pods-MovieLandTests/Pods-MovieLandTests.release.xcconfig"; sourceTree = "<group>"; };
		15CC6A0AF7A79D87DDC0FF78 /* Pods-MovieLand-MovieLandUITests.debug.xcconfig */ = {isa = PBXFileReference; includeInIndex = 1; lastKnownFileType = text.xcconfig; name = "Pods-MovieLand-MovieLandUITests.debug.xcconfig"; path = "Target Support Files/Pods-MovieLand-MovieLandUITests/Pods-MovieLand-MovieLandUITests.debug.xcconfig"; sourceTree = "<group>"; };
		2FE7489B2B7CFBCEE9C28F4E /* Pods-MovieLand-MovieLandUITests.release.xcconfig */ = {isa = PBXFileReference; includeInIndex = 1; lastKnownFileType = text.xcconfig; name = "Pods-MovieLand-MovieLandUITests.release.xcconfig"; path = "Target Support Files/Pods-MovieLand-MovieLandUITests/Pods-MovieLand-MovieLandUITests.release.xcconfig"; sourceTree = "<group>"; };
		4399B29826FF2A70004232D8 /* MovieLand.app */ = {isa = PBXFileReference; explicitFileType = wrapper.application; includeInIndex = 0; path = MovieLand.app; sourceTree = BUILT_PRODUCTS_DIR; };
		4399B29B26FF2A70004232D8 /* AppDelegate.swift */ = {isa = PBXFileReference; lastKnownFileType = sourcecode.swift; path = AppDelegate.swift; sourceTree = "<group>"; };
		4399B29D26FF2A70004232D8 /* SceneDelegate.swift */ = {isa = PBXFileReference; lastKnownFileType = sourcecode.swift; path = SceneDelegate.swift; sourceTree = "<group>"; };
		4399B29F26FF2A70004232D8 /* ViewController.swift */ = {isa = PBXFileReference; lastKnownFileType = sourcecode.swift; path = ViewController.swift; sourceTree = "<group>"; };
		4399B2A226FF2A70004232D8 /* Base */ = {isa = PBXFileReference; lastKnownFileType = file.storyboard; name = Base; path = Base.lproj/Main.storyboard; sourceTree = "<group>"; };
		4399B2A426FF2A70004232D8 /* Assets.xcassets */ = {isa = PBXFileReference; lastKnownFileType = folder.assetcatalog; path = Assets.xcassets; sourceTree = "<group>"; };
		4399B2A726FF2A70004232D8 /* Base */ = {isa = PBXFileReference; lastKnownFileType = file.storyboard; name = Base; path = Base.lproj/LaunchScreen.storyboard; sourceTree = "<group>"; };
		4399B2A926FF2A70004232D8 /* Info.plist */ = {isa = PBXFileReference; lastKnownFileType = text.plist.xml; path = Info.plist; sourceTree = "<group>"; };
		4399B2AE26FF2A70004232D8 /* MovieLandTests.xctest */ = {isa = PBXFileReference; explicitFileType = wrapper.cfbundle; includeInIndex = 0; path = MovieLandTests.xctest; sourceTree = BUILT_PRODUCTS_DIR; };
		4399B2B226FF2A70004232D8 /* MovieLandTests.swift */ = {isa = PBXFileReference; lastKnownFileType = sourcecode.swift; path = MovieLandTests.swift; sourceTree = "<group>"; };
		4399B2B426FF2A70004232D8 /* Info.plist */ = {isa = PBXFileReference; lastKnownFileType = text.plist.xml; path = Info.plist; sourceTree = "<group>"; };
		4399B2B926FF2A70004232D8 /* MovieLandUITests.xctest */ = {isa = PBXFileReference; explicitFileType = wrapper.cfbundle; includeInIndex = 0; path = MovieLandUITests.xctest; sourceTree = BUILT_PRODUCTS_DIR; };
		4399B2BD26FF2A70004232D8 /* MovieLandUITests.swift */ = {isa = PBXFileReference; lastKnownFileType = sourcecode.swift; path = MovieLandUITests.swift; sourceTree = "<group>"; };
		4399B2BF26FF2A70004232D8 /* Info.plist */ = {isa = PBXFileReference; lastKnownFileType = text.plist.xml; path = Info.plist; sourceTree = "<group>"; };
		72257CFE402EC9D5B6F03D93 /* Pods-MovieLand.release.xcconfig */ = {isa = PBXFileReference; includeInIndex = 1; lastKnownFileType = text.xcconfig; name = "Pods-MovieLand.release.xcconfig"; path = "Target Support Files/Pods-MovieLand/Pods-MovieLand.release.xcconfig"; sourceTree = "<group>"; };
		733F09A975A7339CE19238FE /* Pods_MovieLandTests.framework */ = {isa = PBXFileReference; explicitFileType = wrapper.framework; includeInIndex = 0; path = Pods_MovieLandTests.framework; sourceTree = BUILT_PRODUCTS_DIR; };
		846F3B043D7D16CA84F382F7 /* Pods_MovieLand.framework */ = {isa = PBXFileReference; explicitFileType = wrapper.framework; includeInIndex = 0; path = Pods_MovieLand.framework; sourceTree = BUILT_PRODUCTS_DIR; };
		AF237617A294E8316D7CF4DD /* Pods_MovieLand_MovieLandUITests.framework */ = {isa = PBXFileReference; explicitFileType = wrapper.framework; includeInIndex = 0; path = Pods_MovieLand_MovieLandUITests.framework; sourceTree = BUILT_PRODUCTS_DIR; };
		CB17066A95AB51918E52AFE9 /* Pods-MovieLandTests.debug.xcconfig */ = {isa = PBXFileReference; includeInIndex = 1; lastKnownFileType = text.xcconfig; name = "Pods-MovieLandTests.debug.xcconfig"; path = "Target Support Files/Pods-MovieLandTests/Pods-MovieLandTests.debug.xcconfig"; sourceTree = "<group>"; };
		F8956991065AFF2AA5453815 /* Pods-MovieLand.debug.xcconfig */ = {isa = PBXFileReference; includeInIndex = 1; lastKnownFileType = text.xcconfig; name = "Pods-MovieLand.debug.xcconfig"; path = "Target Support Files/Pods-MovieLand/Pods-MovieLand.debug.xcconfig"; sourceTree = "<group>"; };
/* End PBXFileReference section */

/* Begin PBXFrameworksBuildPhase section */
		4399B29526FF2A6F004232D8 /* Frameworks */ = {
			isa = PBXFrameworksBuildPhase;
			buildActionMask = 2147483647;
			files = (
				EB40C90E44E2DACF9D087B94 /* Pods_MovieLand.framework in Frameworks */,
			);
			runOnlyForDeploymentPostprocessing = 0;
		};
		4399B2AB26FF2A70004232D8 /* Frameworks */ = {
			isa = PBXFrameworksBuildPhase;
			buildActionMask = 2147483647;
			files = (
				AC5AE112BA7BF38E0A625639 /* Pods_MovieLandTests.framework in Frameworks */,
			);
			runOnlyForDeploymentPostprocessing = 0;
		};
		4399B2B626FF2A70004232D8 /* Frameworks */ = {
			isa = PBXFrameworksBuildPhase;
			buildActionMask = 2147483647;
			files = (
				77B9C81B06681802118552CE /* Pods_MovieLand_MovieLandUITests.framework in Frameworks */,
			);
			runOnlyForDeploymentPostprocessing = 0;
		};
/* End PBXFrameworksBuildPhase section */

/* Begin PBXGroup section */
		4399B28F26FF2A6F004232D8 = {
			isa = PBXGroup;
			children = (
				4399B29A26FF2A70004232D8 /* MovieLand */,
				4399B2B126FF2A70004232D8 /* MovieLandTests */,
				4399B2BC26FF2A70004232D8 /* MovieLandUITests */,
				4399B29926FF2A70004232D8 /* Products */,
				C3B7C323CB65840823A7AB41 /* Pods */,
				E09F073EC94EE606F6BDF0FF /* Frameworks */,
			);
			sourceTree = "<group>";
		};
		4399B29926FF2A70004232D8 /* Products */ = {
			isa = PBXGroup;
			children = (
				4399B29826FF2A70004232D8 /* MovieLand.app */,
				4399B2AE26FF2A70004232D8 /* MovieLandTests.xctest */,
				4399B2B926FF2A70004232D8 /* MovieLandUITests.xctest */,
			);
			name = Products;
			sourceTree = "<group>";
		};
		4399B29A26FF2A70004232D8 /* MovieLand */ = {
			isa = PBXGroup;
			children = (
				4399B29B26FF2A70004232D8 /* AppDelegate.swift */,
				4399B29D26FF2A70004232D8 /* SceneDelegate.swift */,
				4399B29F26FF2A70004232D8 /* ViewController.swift */,
				4399B2A126FF2A70004232D8 /* Main.storyboard */,
				4399B2A426FF2A70004232D8 /* Assets.xcassets */,
				4399B2A626FF2A70004232D8 /* LaunchScreen.storyboard */,
				4399B2A926FF2A70004232D8 /* Info.plist */,
			);
			path = MovieLand;
			sourceTree = "<group>";
		};
		4399B2B126FF2A70004232D8 /* MovieLandTests */ = {
			isa = PBXGroup;
			children = (
				4399B2B226FF2A70004232D8 /* MovieLandTests.swift */,
				4399B2B426FF2A70004232D8 /* Info.plist */,
			);
			path = MovieLandTests;
			sourceTree = "<group>";
		};
		4399B2BC26FF2A70004232D8 /* MovieLandUITests */ = {
			isa = PBXGroup;
			children = (
				4399B2BD26FF2A70004232D8 /* MovieLandUITests.swift */,
				4399B2BF26FF2A70004232D8 /* Info.plist */,
			);
			path = MovieLandUITests;
			sourceTree = "<group>";
		};
		C3B7C323CB65840823A7AB41 /* Pods */ = {
			isa = PBXGroup;
			children = (
				F8956991065AFF2AA5453815 /* Pods-MovieLand.debug.xcconfig */,
				72257CFE402EC9D5B6F03D93 /* Pods-MovieLand.release.xcconfig */,
				15CC6A0AF7A79D87DDC0FF78 /* Pods-MovieLand-MovieLandUITests.debug.xcconfig */,
				2FE7489B2B7CFBCEE9C28F4E /* Pods-MovieLand-MovieLandUITests.release.xcconfig */,
				CB17066A95AB51918E52AFE9 /* Pods-MovieLandTests.debug.xcconfig */,
				043ECC345F3013541A423DBA /* Pods-MovieLandTests.release.xcconfig */,
			);
			name = Pods;
			path = Pods;
			sourceTree = "<group>";
		};
		E09F073EC94EE606F6BDF0FF /* Frameworks */ = {
			isa = PBXGroup;
			children = (
				846F3B043D7D16CA84F382F7 /* Pods_MovieLand.framework */,
				AF237617A294E8316D7CF4DD /* Pods_MovieLand_MovieLandUITests.framework */,
				733F09A975A7339CE19238FE /* Pods_MovieLandTests.framework */,
			);
			name = Frameworks;
			sourceTree = "<group>";
		};
/* End PBXGroup section */

/* Begin PBXNativeTarget section */
		4399B29726FF2A6F004232D8 /* MovieLand */ = {
			isa = PBXNativeTarget;
			buildConfigurationList = 4399B2C226FF2A70004232D8 /* Build configuration list for PBXNativeTarget "MovieLand" */;
			buildPhases = (
				DD71BE411D9EAC244F001225 /* [CP] Check Pods Manifest.lock */,
				4399B29426FF2A6F004232D8 /* Sources */,
				4399B29526FF2A6F004232D8 /* Frameworks */,
				4399B29626FF2A6F004232D8 /* Resources */,
				3FA07DFA9CEE117812D6B458 /* [CP] Embed Pods Frameworks */,
			);
			buildRules = (
			);
			dependencies = (
			);
			name = MovieLand;
			productName = MovieLand;
			productReference = 4399B29826FF2A70004232D8 /* MovieLand.app */;
			productType = "com.apple.product-type.application";
		};
		4399B2AD26FF2A70004232D8 /* MovieLandTests */ = {
			isa = PBXNativeTarget;
			buildConfigurationList = 4399B2C526FF2A70004232D8 /* Build configuration list for PBXNativeTarget "MovieLandTests" */;
			buildPhases = (
				4847D9CAD8EEBAAD5C6DF738 /* [CP] Check Pods Manifest.lock */,
				4399B2AA26FF2A70004232D8 /* Sources */,
				4399B2AB26FF2A70004232D8 /* Frameworks */,
				4399B2AC26FF2A70004232D8 /* Resources */,
			);
			buildRules = (
			);
			dependencies = (
				4399B2B026FF2A70004232D8 /* PBXTargetDependency */,
			);
			name = MovieLandTests;
			productName = MovieLandTests;
			productReference = 4399B2AE26FF2A70004232D8 /* MovieLandTests.xctest */;
			productType = "com.apple.product-type.bundle.unit-test";
		};
		4399B2B826FF2A70004232D8 /* MovieLandUITests */ = {
			isa = PBXNativeTarget;
			buildConfigurationList = 4399B2C826FF2A70004232D8 /* Build configuration list for PBXNativeTarget "MovieLandUITests" */;
			buildPhases = (
				064F53E3CFC865C765D9DDD4 /* [CP] Check Pods Manifest.lock */,
				4399B2B526FF2A70004232D8 /* Sources */,
				4399B2B626FF2A70004232D8 /* Frameworks */,
				4399B2B726FF2A70004232D8 /* Resources */,
				10939730368788F5439EF195 /* [CP] Embed Pods Frameworks */,
			);
			buildRules = (
			);
			dependencies = (
				4399B2BB26FF2A70004232D8 /* PBXTargetDependency */,
			);
			name = MovieLandUITests;
			productName = MovieLandUITests;
			productReference = 4399B2B926FF2A70004232D8 /* MovieLandUITests.xctest */;
			productType = "com.apple.product-type.bundle.ui-testing";
		};
/* End PBXNativeTarget section */

/* Begin PBXProject section */
		4399B29026FF2A6F004232D8 /* Project object */ = {
			isa = PBXProject;
			attributes = {
				LastSwiftUpdateCheck = 1250;
				LastUpgradeCheck = 1250;
				TargetAttributes = {
					4399B29726FF2A6F004232D8 = {
						CreatedOnToolsVersion = 12.5.1;
					};
					4399B2AD26FF2A70004232D8 = {
						CreatedOnToolsVersion = 12.5.1;
						TestTargetID = 4399B29726FF2A6F004232D8;
					};
					4399B2B826FF2A70004232D8 = {
						CreatedOnToolsVersion = 12.5.1;
						TestTargetID = 4399B29726FF2A6F004232D8;
					};
				};
			};
			buildConfigurationList = 4399B29326FF2A6F004232D8 /* Build configuration list for PBXProject "MovieLand" */;
			compatibilityVersion = "Xcode 9.3";
			developmentRegion = en;
			hasScannedForEncodings = 0;
			knownRegions = (
				en,
				Base,
			);
			mainGroup = 4399B28F26FF2A6F004232D8;
			productRefGroup = 4399B29926FF2A70004232D8 /* Products */;
			projectDirPath = "";
			projectRoot = "";
			targets = (
				4399B29726FF2A6F004232D8 /* MovieLand */,
				4399B2AD26FF2A70004232D8 /* MovieLandTests */,
				4399B2B826FF2A70004232D8 /* MovieLandUITests */,
			);
		};
/* End PBXProject section */

/* Begin PBXResourcesBuildPhase section */
		4399B29626FF2A6F004232D8 /* Resources */ = {
			isa = PBXResourcesBuildPhase;
			buildActionMask = 2147483647;
			files = (
				4399B2A826FF2A70004232D8 /* LaunchScreen.storyboard in Resources */,
				4399B2A526FF2A70004232D8 /* Assets.xcassets in Resources */,
				4399B2A326FF2A70004232D8 /* Main.storyboard in Resources */,
			);
			runOnlyForDeploymentPostprocessing = 0;
		};
		4399B2AC26FF2A70004232D8 /* Resources */ = {
			isa = PBXResourcesBuildPhase;
			buildActionMask = 2147483647;
			files = (
			);
			runOnlyForDeploymentPostprocessing = 0;
		};
		4399B2B726FF2A70004232D8 /* Resources */ = {
			isa = PBXResourcesBuildPhase;
			buildActionMask = 2147483647;
			files = (
			);
			runOnlyForDeploymentPostprocessing = 0;
		};
/* End PBXResourcesBuildPhase section */

/* Begin PBXShellScriptBuildPhase section */
		064F53E3CFC865C765D9DDD4 /* [CP] Check Pods Manifest.lock */ = {
			isa = PBXShellScriptBuildPhase;
			buildActionMask = 2147483647;
			files = (
			);
			inputFileListPaths = (
			);
			inputPaths = (
				"${PODS_PODFILE_DIR_PATH}/Podfile.lock",
				"${PODS_ROOT}/Manifest.lock",
			);
			name = "[CP] Check Pods Manifest.lock";
			outputFileListPaths = (
			);
			outputPaths = (
				"$(DERIVED_FILE_DIR)/Pods-MovieLand-MovieLandUITests-checkManifestLockResult.txt",
			);
			runOnlyForDeploymentPostprocessing = 0;
			shellPath = /bin/sh;
			shellScript = "diff \"${PODS_PODFILE_DIR_PATH}/Podfile.lock\" \"${PODS_ROOT}/Manifest.lock\" > /dev/null\nif [ $? != 0 ] ; then\n    # print error to STDERR\n    echo \"error: The sandbox is not in sync with the Podfile.lock. Run 'pod install' or update your CocoaPods installation.\" >&2\n    exit 1\nfi\n# This output is used by Xcode 'outputs' to avoid re-running this script phase.\necho \"SUCCESS\" > \"${SCRIPT_OUTPUT_FILE_0}\"\n";
			showEnvVarsInLog = 0;
		};
		10939730368788F5439EF195 /* [CP] Embed Pods Frameworks */ = {
			isa = PBXShellScriptBuildPhase;
			buildActionMask = 2147483647;
			files = (
			);
			inputFileListPaths = (
				"${PODS_ROOT}/Target Support Files/Pods-MovieLand-MovieLandUITests/Pods-MovieLand-MovieLandUITests-frameworks-${CONFIGURATION}-input-files.xcfilelist",
			);
			name = "[CP] Embed Pods Frameworks";
			outputFileListPaths = (
				"${PODS_ROOT}/Target Support Files/Pods-MovieLand-MovieLandUITests/Pods-MovieLand-MovieLandUITests-frameworks-${CONFIGURATION}-output-files.xcfilelist",
			);
			runOnlyForDeploymentPostprocessing = 0;
			shellPath = /bin/sh;
			shellScript = "\"${PODS_ROOT}/Target Support Files/Pods-MovieLand-MovieLandUITests/Pods-MovieLand-MovieLandUITests-frameworks.sh\"\n";
			showEnvVarsInLog = 0;
		};
		3FA07DFA9CEE117812D6B458 /* [CP] Embed Pods Frameworks */ = {
			isa = PBXShellScriptBuildPhase;
			buildActionMask = 2147483647;
			files = (
			);
			inputFileListPaths = (
				"${PODS_ROOT}/Target Support Files/Pods-MovieLand/Pods-MovieLand-frameworks-${CONFIGURATION}-input-files.xcfilelist",
			);
			name = "[CP] Embed Pods Frameworks";
			outputFileListPaths = (
				"${PODS_ROOT}/Target Support Files/Pods-MovieLand/Pods-MovieLand-frameworks-${CONFIGURATION}-output-files.xcfilelist",
			);
			runOnlyForDeploymentPostprocessing = 0;
			shellPath = /bin/sh;
			shellScript = "\"${PODS_ROOT}/Target Support Files/Pods-MovieLand/Pods-MovieLand-frameworks.sh\"\n";
			showEnvVarsInLog = 0;
		};
		4847D9CAD8EEBAAD5C6DF738 /* [CP] Check Pods Manifest.lock */ = {
			isa = PBXShellScriptBuildPhase;
			buildActionMask = 2147483647;
			files = (
			);
			inputFileListPaths = (
			);
			inputPaths = (
				"${PODS_PODFILE_DIR_PATH}/Podfile.lock",
				"${PODS_ROOT}/Manifest.lock",
			);
			name = "[CP] Check Pods Manifest.lock";
			outputFileListPaths = (
			);
			outputPaths = (
				"$(DERIVED_FILE_DIR)/Pods-MovieLandTests-checkManifestLockResult.txt",
			);
			runOnlyForDeploymentPostprocessing = 0;
			shellPath = /bin/sh;
			shellScript = "diff \"${PODS_PODFILE_DIR_PATH}/Podfile.lock\" \"${PODS_ROOT}/Manifest.lock\" > /dev/null\nif [ $? != 0 ] ; then\n    # print error to STDERR\n    echo \"error: The sandbox is not in sync with the Podfile.lock. Run 'pod install' or update your CocoaPods installation.\" >&2\n    exit 1\nfi\n# This output is used by Xcode 'outputs' to avoid re-running this script phase.\necho \"SUCCESS\" > \"${SCRIPT_OUTPUT_FILE_0}\"\n";
			showEnvVarsInLog = 0;
		};
		DD71BE411D9EAC244F001225 /* [CP] Check Pods Manifest.lock */ = {
			isa = PBXShellScriptBuildPhase;
			buildActionMask = 2147483647;
			files = (
			);
			inputFileListPaths = (
			);
			inputPaths = (
				"${PODS_PODFILE_DIR_PATH}/Podfile.lock",
				"${PODS_ROOT}/Manifest.lock",
			);
			name = "[CP] Check Pods Manifest.lock";
			outputFileListPaths = (
			);
			outputPaths = (
				"$(DERIVED_FILE_DIR)/Pods-MovieLand-checkManifestLockResult.txt",
			);
			runOnlyForDeploymentPostprocessing = 0;
			shellPath = /bin/sh;
			shellScript = "diff \"${PODS_PODFILE_DIR_PATH}/Podfile.lock\" \"${PODS_ROOT}/Manifest.lock\" > /dev/null\nif [ $? != 0 ] ; then\n    # print error to STDERR\n    echo \"error: The sandbox is not in sync with the Podfile.lock. Run 'pod install' or update your CocoaPods installation.\" >&2\n    exit 1\nfi\n# This output is used by Xcode 'outputs' to avoid re-running this script phase.\necho \"SUCCESS\" > \"${SCRIPT_OUTPUT_FILE_0}\"\n";
			showEnvVarsInLog = 0;
		};
/* End PBXShellScriptBuildPhase section */

/* Begin PBXSourcesBuildPhase section */
		4399B29426FF2A6F004232D8 /* Sources */ = {
			isa = PBXSourcesBuildPhase;
			buildActionMask = 2147483647;
			files = (
				4399B2A026FF2A70004232D8 /* ViewController.swift in Sources */,
				4399B29C26FF2A70004232D8 /* AppDelegate.swift in Sources */,
				4399B29E26FF2A70004232D8 /* SceneDelegate.swift in Sources */,
			);
			runOnlyForDeploymentPostprocessing = 0;
		};
		4399B2AA26FF2A70004232D8 /* Sources */ = {
			isa = PBXSourcesBuildPhase;
			buildActionMask = 2147483647;
			files = (
				4399B2B326FF2A70004232D8 /* MovieLandTests.swift in Sources */,
			);
			runOnlyForDeploymentPostprocessing = 0;
		};
		4399B2B526FF2A70004232D8 /* Sources */ = {
			isa = PBXSourcesBuildPhase;
			buildActionMask = 2147483647;
			files = (
				4399B2BE26FF2A70004232D8 /* MovieLandUITests.swift in Sources */,
			);
			runOnlyForDeploymentPostprocessing = 0;
		};
/* End PBXSourcesBuildPhase section */

/* Begin PBXTargetDependency section */
		4399B2B026FF2A70004232D8 /* PBXTargetDependency */ = {
			isa = PBXTargetDependency;
			target = 4399B29726FF2A6F004232D8 /* MovieLand */;
			targetProxy = 4399B2AF26FF2A70004232D8 /* PBXContainerItemProxy */;
		};
		4399B2BB26FF2A70004232D8 /* PBXTargetDependency */ = {
			isa = PBXTargetDependency;
			target = 4399B29726FF2A6F004232D8 /* MovieLand */;
			targetProxy = 4399B2BA26FF2A70004232D8 /* PBXContainerItemProxy */;
		};
/* End PBXTargetDependency section */

/* Begin PBXVariantGroup section */
		4399B2A126FF2A70004232D8 /* Main.storyboard */ = {
			isa = PBXVariantGroup;
			children = (
				4399B2A226FF2A70004232D8 /* Base */,
			);
			name = Main.storyboard;
			sourceTree = "<group>";
		};
		4399B2A626FF2A70004232D8 /* LaunchScreen.storyboard */ = {
			isa = PBXVariantGroup;
			children = (
				4399B2A726FF2A70004232D8 /* Base */,
			);
			name = LaunchScreen.storyboard;
			sourceTree = "<group>";
		};
/* End PBXVariantGroup section */

/* Begin XCBuildConfiguration section */
		4399B2C026FF2A70004232D8 /* Debug */ = {
			isa = XCBuildConfiguration;
			buildSettings = {
				ALWAYS_SEARCH_USER_PATHS = NO;
				CLANG_ANALYZER_NONNULL = YES;
				CLANG_ANALYZER_NUMBER_OBJECT_CONVERSION = YES_AGGRESSIVE;
				CLANG_CXX_LANGUAGE_STANDARD = "gnu++14";
				CLANG_CXX_LIBRARY = "libc++";
				CLANG_ENABLE_MODULES = YES;
				CLANG_ENABLE_OBJC_ARC = YES;
				CLANG_ENABLE_OBJC_WEAK = YES;
				CLANG_WARN_BLOCK_CAPTURE_AUTORELEASING = YES;
				CLANG_WARN_BOOL_CONVERSION = YES;
				CLANG_WARN_COMMA = YES;
				CLANG_WARN_CONSTANT_CONVERSION = YES;
				CLANG_WARN_DEPRECATED_OBJC_IMPLEMENTATIONS = YES;
				CLANG_WARN_DIRECT_OBJC_ISA_USAGE = YES_ERROR;
				CLANG_WARN_DOCUMENTATION_COMMENTS = YES;
				CLANG_WARN_EMPTY_BODY = YES;
				CLANG_WARN_ENUM_CONVERSION = YES;
				CLANG_WARN_INFINITE_RECURSION = YES;
				CLANG_WARN_INT_CONVERSION = YES;
				CLANG_WARN_NON_LITERAL_NULL_CONVERSION = YES;
				CLANG_WARN_OBJC_IMPLICIT_RETAIN_SELF = YES;
				CLANG_WARN_OBJC_LITERAL_CONVERSION = YES;
				CLANG_WARN_OBJC_ROOT_CLASS = YES_ERROR;
				CLANG_WARN_QUOTED_INCLUDE_IN_FRAMEWORK_HEADER = YES;
				CLANG_WARN_RANGE_LOOP_ANALYSIS = YES;
				CLANG_WARN_STRICT_PROTOTYPES = YES;
				CLANG_WARN_SUSPICIOUS_MOVE = YES;
				CLANG_WARN_UNGUARDED_AVAILABILITY = YES_AGGRESSIVE;
				CLANG_WARN_UNREACHABLE_CODE = YES;
				CLANG_WARN__DUPLICATE_METHOD_MATCH = YES;
				COPY_PHASE_STRIP = NO;
				DEBUG_INFORMATION_FORMAT = dwarf;
				ENABLE_STRICT_OBJC_MSGSEND = YES;
				ENABLE_TESTABILITY = YES;
				GCC_C_LANGUAGE_STANDARD = gnu11;
				GCC_DYNAMIC_NO_PIC = NO;
				GCC_NO_COMMON_BLOCKS = YES;
				GCC_OPTIMIZATION_LEVEL = 0;
				GCC_PREPROCESSOR_DEFINITIONS = (
					"DEBUG=1",
					"$(inherited)",
				);
				GCC_WARN_64_TO_32_BIT_CONVERSION = YES;
				GCC_WARN_ABOUT_RETURN_TYPE = YES_ERROR;
				GCC_WARN_UNDECLARED_SELECTOR = YES;
				GCC_WARN_UNINITIALIZED_AUTOS = YES_AGGRESSIVE;
				GCC_WARN_UNUSED_FUNCTION = YES;
				GCC_WARN_UNUSED_VARIABLE = YES;
				IPHONEOS_DEPLOYMENT_TARGET = 14.5;
				MTL_ENABLE_DEBUG_INFO = INCLUDE_SOURCE;
				MTL_FAST_MATH = YES;
				ONLY_ACTIVE_ARCH = YES;
				SDKROOT = iphoneos;
				SWIFT_ACTIVE_COMPILATION_CONDITIONS = DEBUG;
				SWIFT_OPTIMIZATION_LEVEL = "-Onone";
			};
			name = Debug;
		};
		4399B2C126FF2A70004232D8 /* Release */ = {
			isa = XCBuildConfiguration;
			buildSettings = {
				ALWAYS_SEARCH_USER_PATHS = NO;
				CLANG_ANALYZER_NONNULL = YES;
				CLANG_ANALYZER_NUMBER_OBJECT_CONVERSION = YES_AGGRESSIVE;
				CLANG_CXX_LANGUAGE_STANDARD = "gnu++14";
				CLANG_CXX_LIBRARY = "libc++";
				CLANG_ENABLE_MODULES = YES;
				CLANG_ENABLE_OBJC_ARC = YES;
				CLANG_ENABLE_OBJC_WEAK = YES;
				CLANG_WARN_BLOCK_CAPTURE_AUTORELEASING = YES;
				CLANG_WARN_BOOL_CONVERSION = YES;
				CLANG_WARN_COMMA = YES;
				CLANG_WARN_CONSTANT_CONVERSION = YES;
				CLANG_WARN_DEPRECATED_OBJC_IMPLEMENTATIONS = YES;
				CLANG_WARN_DIRECT_OBJC_ISA_USAGE = YES_ERROR;
				CLANG_WARN_DOCUMENTATION_COMMENTS = YES;
				CLANG_WARN_EMPTY_BODY = YES;
				CLANG_WARN_ENUM_CONVERSION = YES;
				CLANG_WARN_INFINITE_RECURSION = YES;
				CLANG_WARN_INT_CONVERSION = YES;
				CLANG_WARN_NON_LITERAL_NULL_CONVERSION = YES;
				CLANG_WARN_OBJC_IMPLICIT_RETAIN_SELF = YES;
				CLANG_WARN_OBJC_LITERAL_CONVERSION = YES;
				CLANG_WARN_OBJC_ROOT_CLASS = YES_ERROR;
				CLANG_WARN_QUOTED_INCLUDE_IN_FRAMEWORK_HEADER = YES;
				CLANG_WARN_RANGE_LOOP_ANALYSIS = YES;
				CLANG_WARN_STRICT_PROTOTYPES = YES;
				CLANG_WARN_SUSPICIOUS_MOVE = YES;
				CLANG_WARN_UNGUARDED_AVAILABILITY = YES_AGGRESSIVE;
				CLANG_WARN_UNREACHABLE_CODE = YES;
				CLANG_WARN__DUPLICATE_METHOD_MATCH = YES;
				COPY_PHASE_STRIP = NO;
				DEBUG_INFORMATION_FORMAT = "dwarf-with-dsym";
				ENABLE_NS_ASSERTIONS = NO;
				ENABLE_STRICT_OBJC_MSGSEND = YES;
				GCC_C_LANGUAGE_STANDARD = gnu11;
				GCC_NO_COMMON_BLOCKS = YES;
				GCC_WARN_64_TO_32_BIT_CONVERSION = YES;
				GCC_WARN_ABOUT_RETURN_TYPE = YES_ERROR;
				GCC_WARN_UNDECLARED_SELECTOR = YES;
				GCC_WARN_UNINITIALIZED_AUTOS = YES_AGGRESSIVE;
				GCC_WARN_UNUSED_FUNCTION = YES;
				GCC_WARN_UNUSED_VARIABLE = YES;
				IPHONEOS_DEPLOYMENT_TARGET = 14.5;
				MTL_ENABLE_DEBUG_INFO = NO;
				MTL_FAST_MATH = YES;
				SDKROOT = iphoneos;
				SWIFT_COMPILATION_MODE = wholemodule;
				SWIFT_OPTIMIZATION_LEVEL = "-O";
				VALIDATE_PRODUCT = YES;
			};
			name = Release;
		};
		4399B2C326FF2A70004232D8 /* Debug */ = {
			isa = XCBuildConfiguration;
			baseConfigurationReference = F8956991065AFF2AA5453815 /* Pods-MovieLand.debug.xcconfig */;
			buildSettings = {
				ASSETCATALOG_COMPILER_APPICON_NAME = AppIcon;
				ASSETCATALOG_COMPILER_GLOBAL_ACCENT_COLOR_NAME = AccentColor;
				CODE_SIGN_STYLE = Automatic;
				DEVELOPMENT_TEAM = 2L9L899V66;
				INFOPLIST_FILE = MovieLand/Info.plist;
				LD_RUNPATH_SEARCH_PATHS = (
					"$(inherited)",
					"@executable_path/Frameworks",
				);
				PRODUCT_BUNDLE_IDENTIFIER = MEMTARHAN.MovieLand;
				PRODUCT_NAME = "$(TARGET_NAME)";
				SWIFT_VERSION = 5.0;
				TARGETED_DEVICE_FAMILY = "1,2";
			};
			name = Debug;
		};
		4399B2C426FF2A70004232D8 /* Release */ = {
			isa = XCBuildConfiguration;
			baseConfigurationReference = 72257CFE402EC9D5B6F03D93 /* Pods-MovieLand.release.xcconfig */;
			buildSettings = {
				ASSETCATALOG_COMPILER_APPICON_NAME = AppIcon;
				ASSETCATALOG_COMPILER_GLOBAL_ACCENT_COLOR_NAME = AccentColor;
				CODE_SIGN_STYLE = Automatic;
				DEVELOPMENT_TEAM = 2L9L899V66;
				INFOPLIST_FILE = MovieLand/Info.plist;
				LD_RUNPATH_SEARCH_PATHS = (
					"$(inherited)",
					"@executable_path/Frameworks",
				);
				PRODUCT_BUNDLE_IDENTIFIER = MEMTARHAN.MovieLand;
				PRODUCT_NAME = "$(TARGET_NAME)";
				SWIFT_VERSION = 5.0;
				TARGETED_DEVICE_FAMILY = "1,2";
			};
			name = Release;
		};
		4399B2C626FF2A70004232D8 /* Debug */ = {
			isa = XCBuildConfiguration;
			baseConfigurationReference = CB17066A95AB51918E52AFE9 /* Pods-MovieLandTests.debug.xcconfig */;
			buildSettings = {
				ALWAYS_EMBED_SWIFT_STANDARD_LIBRARIES = YES;
				BUNDLE_LOADER = "$(TEST_HOST)";
				CODE_SIGN_STYLE = Automatic;
				DEVELOPMENT_TEAM = 2L9L899V66;
				INFOPLIST_FILE = MovieLandTests/Info.plist;
				IPHONEOS_DEPLOYMENT_TARGET = 14.5;
				LD_RUNPATH_SEARCH_PATHS = (
					"$(inherited)",
					"@executable_path/Frameworks",
					"@loader_path/Frameworks",
				);
				PRODUCT_BUNDLE_IDENTIFIER = MEMTARHAN.MovieLandTests;
				PRODUCT_NAME = "$(TARGET_NAME)";
				SWIFT_VERSION = 5.0;
				TARGETED_DEVICE_FAMILY = "1,2";
				TEST_HOST = "$(BUILT_PRODUCTS_DIR)/MovieLand.app/MovieLand";
			};
			name = Debug;
		};
		4399B2C726FF2A70004232D8 /* Release */ = {
			isa = XCBuildConfiguration;
			baseConfigurationReference = 043ECC345F3013541A423DBA /* Pods-MovieLandTests.release.xcconfig */;
			buildSettings = {
				ALWAYS_EMBED_SWIFT_STANDARD_LIBRARIES = YES;
				BUNDLE_LOADER = "$(TEST_HOST)";
				CODE_SIGN_STYLE = Automatic;
				DEVELOPMENT_TEAM = 2L9L899V66;
				INFOPLIST_FILE = MovieLandTests/Info.plist;
				IPHONEOS_DEPLOYMENT_TARGET = 14.5;
				LD_RUNPATH_SEARCH_PATHS = (
					"$(inherited)",
					"@executable_path/Frameworks",
					"@loader_path/Frameworks",
				);
				PRODUCT_BUNDLE_IDENTIFIER = MEMTARHAN.MovieLandTests;
				PRODUCT_NAME = "$(TARGET_NAME)";
				SWIFT_VERSION = 5.0;
				TARGETED_DEVICE_FAMILY = "1,2";
				TEST_HOST = "$(BUILT_PRODUCTS_DIR)/MovieLand.app/MovieLand";
			};
			name = Release;
		};
		4399B2C926FF2A70004232D8 /* Debug */ = {
			isa = XCBuildConfiguration;
			baseConfigurationReference = 15CC6A0AF7A79D87DDC0FF78 /* Pods-MovieLand-MovieLandUITests.debug.xcconfig */;
			buildSettings = {
				ALWAYS_EMBED_SWIFT_STANDARD_LIBRARIES = YES;
				CODE_SIGN_STYLE = Automatic;
				DEVELOPMENT_TEAM = 2L9L899V66;
				INFOPLIST_FILE = MovieLandUITests/Info.plist;
				LD_RUNPATH_SEARCH_PATHS = (
					"$(inherited)",
					"@executable_path/Frameworks",
					"@loader_path/Frameworks",
				);
				PRODUCT_BUNDLE_IDENTIFIER = MEMTARHAN.MovieLandUITests;
				PRODUCT_NAME = "$(TARGET_NAME)";
				SWIFT_VERSION = 5.0;
				TARGETED_DEVICE_FAMILY = "1,2";
				TEST_TARGET_NAME = MovieLand;
			};
			name = Debug;
		};
		4399B2CA26FF2A70004232D8 /* Release */ = {
			isa = XCBuildConfiguration;
			baseConfigurationReference = 2FE7489B2B7CFBCEE9C28F4E /* Pods-MovieLand-MovieLandUITests.release.xcconfig */;
			buildSettings = {
				ALWAYS_EMBED_SWIFT_STANDARD_LIBRARIES = YES;
				CODE_SIGN_STYLE = Automatic;
				DEVELOPMENT_TEAM = 2L9L899V66;
				INFOPLIST_FILE = MovieLandUITests/Info.plist;
				LD_RUNPATH_SEARCH_PATHS = (
					"$(inherited)",
					"@executable_path/Frameworks",
					"@loader_path/Frameworks",
				);
				PRODUCT_BUNDLE_IDENTIFIER = MEMTARHAN.MovieLandUITests;
				PRODUCT_NAME = "$(TARGET_NAME)";
				SWIFT_VERSION = 5.0;
				TARGETED_DEVICE_FAMILY = "1,2";
				TEST_TARGET_NAME = MovieLand;
			};
			name = Release;
		};
/* End XCBuildConfiguration section */

/* Begin XCConfigurationList section */
		4399B29326FF2A6F004232D8 /* Build configuration list for PBXProject "MovieLand" */ = {
			isa = XCConfigurationList;
			buildConfigurations = (
				4399B2C026FF2A70004232D8 /* Debug */,
				4399B2C126FF2A70004232D8 /* Release */,
			);
			defaultConfigurationIsVisible = 0;
			defaultConfigurationName = Release;
		};
		4399B2C226FF2A70004232D8 /* Build configuration list for PBXNativeTarget "MovieLand" */ = {
			isa = XCConfigurationList;
			buildConfigurations = (
				4399B2C326FF2A70004232D8 /* Debug */,
				4399B2C426FF2A70004232D8 /* Release */,
			);
			defaultConfigurationIsVisible = 0;
			defaultConfigurationName = Release;
		};
		4399B2C526FF2A70004232D8 /* Build configuration list for PBXNativeTarget "MovieLandTests" */ = {
			isa = XCConfigurationList;
			buildConfigurations = (
				4399B2C626FF2A70004232D8 /* Debug */,
				4399B2C726FF2A70004232D8 /* Release */,
			);
			defaultConfigurationIsVisible = 0;
			defaultConfigurationName = Release;
		};
		4399B2C826FF2A70004232D8 /* Build configuration list for PBXNativeTarget "MovieLandUITests" */ = {
			isa = XCConfigurationList;
			buildConfigurations = (
				4399B2C926FF2A70004232D8 /* Debug */,
				4399B2CA26FF2A70004232D8 /* Release */,
			);
			defaultConfigurationIsVisible = 0;
			defaultConfigurationName = Release;
		};
/* End XCConfigurationList section */
	};
	rootObject = 4399B29026FF2A6F004232D8 /* Project object */;
}
